{
  "name": "dcos-installer-ui",
  "version": "0.0.1",
  "npm-shrinkwrap-version": "200.4.0",
  "node-version": "v4.2.5",
  "dependencies": {
    "babel-runtime": {
      "version": "6.3.19",
      "resolved": "https://registry.npmjs.org/babel-runtime/-/babel-runtime-6.3.19.tgz",
      "dependencies": {
        "core-js": {
          "version": "1.2.6",
          "resolved": "https://registry.npmjs.org/core-js/-/core-js-1.2.6.tgz"
        }
      }
    },
    "body-parser": {
      "version": "1.14.2",
      "resolved": "https://registry.npmjs.org/body-parser/-/body-parser-1.14.2.tgz",
      "dependencies": {
        "bytes": {
          "version": "2.2.0",
          "resolved": "https://registry.npmjs.org/bytes/-/bytes-2.2.0.tgz"
        },
        "content-type": {
          "version": "1.0.1",
          "resolved": "https://registry.npmjs.org/content-type/-/content-type-1.0.1.tgz"
        },
        "depd": {
          "version": "1.1.0",
          "resolved": "https://registry.npmjs.org/depd/-/depd-1.1.0.tgz"
        },
        "http-errors": {
          "version": "1.3.1",
          "resolved": "https://registry.npmjs.org/http-errors/-/http-errors-1.3.1.tgz",
          "dependencies": {
            "inherits": {
              "version": "2.0.1",
              "resolved": "https://registry.npmjs.org/inherits/-/inherits-2.0.1.tgz"
            },
            "statuses": {
              "version": "1.2.1",
              "resolved": "https://registry.npmjs.org/statuses/-/statuses-1.2.1.tgz"
            }
          }
        },
        "iconv-lite": {
          "version": "0.4.13",
          "resolved": "https://registry.npmjs.org/iconv-lite/-/iconv-lite-0.4.13.tgz"
        },
        "on-finished": {
          "version": "2.3.0",
          "resolved": "https://registry.npmjs.org/on-finished/-/on-finished-2.3.0.tgz",
          "dependencies": {
            "ee-first": {
              "version": "1.1.1",
              "resolved": "https://registry.npmjs.org/ee-first/-/ee-first-1.1.1.tgz"
            }
          }
        },
        "qs": {
          "version": "5.2.0",
          "resolved": "https://registry.npmjs.org/qs/-/qs-5.2.0.tgz"
        },
        "raw-body": {
          "version": "2.1.5",
          "resolved": "https://registry.npmjs.org/raw-body/-/raw-body-2.1.5.tgz",
          "dependencies": {
            "unpipe": {
              "version": "1.0.0",
              "resolved": "https://registry.npmjs.org/unpipe/-/unpipe-1.0.0.tgz"
            }
          }
        },
        "type-is": {
          "version": "1.6.10",
          "resolved": "https://registry.npmjs.org/type-is/-/type-is-1.6.10.tgz",
          "dependencies": {
            "media-typer": {
              "version": "0.3.0",
              "resolved": "https://registry.npmjs.org/media-typer/-/media-typer-0.3.0.tgz"
            },
            "mime-types": {
              "version": "2.1.9",
              "resolved": "https://registry.npmjs.org/mime-types/-/mime-types-2.1.9.tgz",
              "dependencies": {
                "mime-db": {
                  "version": "1.21.0",
                  "resolved": "https://registry.npmjs.org/mime-db/-/mime-db-1.21.0.tgz"
                }
              }
            }
          }
        }
      }
    },
    "canvas-ui": {
      "version": "0.2.1",
      "resolved": "https://registry.npmjs.org/canvas-ui/-/canvas-ui-0.2.1.tgz"
    },
    "classnames": {
      "version": "2.2.3",
      "resolved": "https://registry.npmjs.org/classnames/-/classnames-2.2.3.tgz"
    },
    "debug": {
      "version": "2.2.0",
      "resolved": "https://registry.npmjs.org/debug/-/debug-2.2.0.tgz",
      "dependencies": {
        "ms": {
          "version": "0.7.1",
          "resolved": "https://registry.npmjs.org/ms/-/ms-0.7.1.tgz"
        }
      }
    },
    "flux": {
      "version": "2.1.1",
      "resolved": "https://registry.npmjs.org/flux/-/flux-2.1.1.tgz",
      "dependencies": {
        "fbemitter": {
          "version": "2.0.1",
          "resolved": "https://registry.npmjs.org/fbemitter/-/fbemitter-2.0.1.tgz",
          "dependencies": {
            "fbjs": {
              "version": "0.6.1",
              "resolved": "https://registry.npmjs.org/fbjs/-/fbjs-0.6.1.tgz",
              "dependencies": {
                "core-js": {
                  "version": "1.2.6",
                  "resolved": "https://registry.npmjs.org/core-js/-/core-js-1.2.6.tgz"
                },
                "loose-envify": {
                  "version": "1.1.0",
                  "resolved": "https://registry.npmjs.org/loose-envify/-/loose-envify-1.1.0.tgz",
                  "dependencies": {
                    "js-tokens": {
                      "version": "1.0.2",
                      "resolved": "https://registry.npmjs.org/js-tokens/-/js-tokens-1.0.2.tgz"
                    }
                  }
                },
                "promise": {
                  "version": "7.1.1",
                  "resolved": "https://registry.npmjs.org/promise/-/promise-7.1.1.tgz",
                  "dependencies": {
                    "asap": {
                      "version": "2.0.3",
                      "resolved": "https://registry.npmjs.org/asap/-/asap-2.0.3.tgz"
                    }
                  }
                },
                "ua-parser-js": {
                  "version": "0.7.10",
                  "resolved": "https://registry.npmjs.org/ua-parser-js/-/ua-parser-js-0.7.10.tgz"
                },
                "whatwg-fetch": {
                  "version": "0.9.0",
                  "resolved": "https://registry.npmjs.org/whatwg-fetch/-/whatwg-fetch-0.9.0.tgz"
                }
              }
            }
          }
        },
        "fbjs": {
          "version": "0.1.0-alpha.7",
          "resolved": "https://registry.npmjs.org/fbjs/-/fbjs-0.1.0-alpha.7.tgz",
          "dependencies": {
            "core-js": {
              "version": "1.2.6",
              "resolved": "https://registry.npmjs.org/core-js/-/core-js-1.2.6.tgz"
            },
            "promise": {
              "version": "7.1.1",
              "resolved": "https://registry.npmjs.org/promise/-/promise-7.1.1.tgz",
              "dependencies": {
                "asap": {
                  "version": "2.0.3",
                  "resolved": "https://registry.npmjs.org/asap/-/asap-2.0.3.tgz"
                }
              }
            },
            "whatwg-fetch": {
              "version": "0.9.0",
              "resolved": "https://registry.npmjs.org/whatwg-fetch/-/whatwg-fetch-0.9.0.tgz"
            }
          }
        },
        "immutable": {
          "version": "3.7.6",
          "resolved": "https://registry.npmjs.org/immutable/-/immutable-3.7.6.tgz"
        }
      }
    },
    "history": {
      "version": "1.17.0",
      "resolved": "https://registry.npmjs.org/history/-/history-1.17.0.tgz",
      "dependencies": {
        "deep-equal": {
          "version": "1.0.1",
          "resolved": "https://registry.npmjs.org/deep-equal/-/deep-equal-1.0.1.tgz"
        },
        "invariant": {
          "version": "2.2.0",
          "resolved": "https://registry.npmjs.org/invariant/-/invariant-2.2.0.tgz",
          "dependencies": {
            "loose-envify": {
              "version": "1.1.0",
              "resolved": "https://registry.npmjs.org/loose-envify/-/loose-envify-1.1.0.tgz",
              "dependencies": {
                "js-tokens": {
                  "version": "1.0.2",
                  "resolved": "https://registry.npmjs.org/js-tokens/-/js-tokens-1.0.2.tgz"
                }
              }
            }
          }
        },
        "query-string": {
          "version": "3.0.0",
          "resolved": "https://registry.npmjs.org/query-string/-/query-string-3.0.0.tgz",
          "dependencies": {
            "strict-uri-encode": {
              "version": "1.1.0",
              "resolved": "https://registry.npmjs.org/strict-uri-encode/-/strict-uri-encode-1.1.0.tgz"
            }
          }
        },
        "warning": {
          "version": "2.1.0",
          "resolved": "https://registry.npmjs.org/warning/-/warning-2.1.0.tgz",
          "dependencies": {
            "loose-envify": {
              "version": "1.1.0",
              "resolved": "https://registry.npmjs.org/loose-envify/-/loose-envify-1.1.0.tgz",
              "dependencies": {
                "js-tokens": {
                  "version": "1.0.2",
                  "resolved": "https://registry.npmjs.org/js-tokens/-/js-tokens-1.0.2.tgz"
                }
              }
            }
          }
        }
      }
    },
    "less-color-lighten": {
      "version": "0.0.1",
      "resolved": "https://registry.npmjs.org/less-color-lighten/-/less-color-lighten-0.0.1.tgz"
    },
    "lodash": {
      "version": "4.0.1",
      "resolved": "https://registry.npmjs.org/lodash/-/lodash-4.0.1.tgz"
    },
    "mesosphere-shared-reactjs": {
      "version": "0.0.10",
      "resolved": "https://registry.npmjs.org/mesosphere-shared-reactjs/-/mesosphere-shared-reactjs-0.0.10.tgz",
      "dependencies": {
        "reqwest": {
          "version": "2.0.5",
          "resolved": "https://registry.npmjs.org/reqwest/-/reqwest-2.0.5.tgz"
        }
      }
    },
    "react": {
      "version": "0.14.6",
      "resolved": "https://registry.npmjs.org/react/-/react-0.14.6.tgz",
      "dependencies": {
        "fbjs": {
          "version": "0.6.1",
          "resolved": "https://registry.npmjs.org/fbjs/-/fbjs-0.6.1.tgz",
          "dependencies": {
            "core-js": {
              "version": "1.2.6",
              "resolved": "https://registry.npmjs.org/core-js/-/core-js-1.2.6.tgz"
            },
            "loose-envify": {
              "version": "1.1.0",
              "resolved": "https://registry.npmjs.org/loose-envify/-/loose-envify-1.1.0.tgz",
              "dependencies": {
                "js-tokens": {
                  "version": "1.0.2",
                  "resolved": "https://registry.npmjs.org/js-tokens/-/js-tokens-1.0.2.tgz"
                }
              }
            },
            "promise": {
              "version": "7.1.1",
              "resolved": "https://registry.npmjs.org/promise/-/promise-7.1.1.tgz",
              "dependencies": {
                "asap": {
                  "version": "2.0.3",
                  "resolved": "https://registry.npmjs.org/asap/-/asap-2.0.3.tgz"
                }
              }
            },
            "ua-parser-js": {
              "version": "0.7.10",
              "resolved": "https://registry.npmjs.org/ua-parser-js/-/ua-parser-js-0.7.10.tgz"
            },
            "whatwg-fetch": {
              "version": "0.9.0",
              "resolved": "https://registry.npmjs.org/whatwg-fetch/-/whatwg-fetch-0.9.0.tgz"
            }
          }
        }
      }
    },
    "react-addons-css-transition-group": {
      "version": "0.14.6",
      "resolved": "https://registry.npmjs.org/react-addons-css-transition-group/-/react-addons-css-transition-group-0.14.6.tgz"
    },
    "react-dom": {
      "version": "0.14.6",
      "resolved": "https://registry.npmjs.org/react-dom/-/react-dom-0.14.6.tgz"
    },
    "react-gemini-scrollbar": {
      "version": "2.1.0",
      "resolved": "https://registry.npmjs.org/react-gemini-scrollbar/-/react-gemini-scrollbar-2.1.0.tgz",
      "dependencies": {
        "gemini-scrollbar": {
          "version": "1.3.1",
          "resolved": "https://registry.npmjs.org/gemini-scrollbar/-/gemini-scrollbar-1.3.1.tgz"
        }
      }
    },
    "react-router": {
      "version": "2.0.0-rc5",
      "resolved": "https://registry.npmjs.org/react-router/-/react-router-2.0.0-rc5.tgz",
      "dependencies": {
        "history": {
          "version": "2.0.0-rc2",
          "resolved": "https://registry.npmjs.org/history/-/history-2.0.0-rc2.tgz",
          "dependencies": {
            "deep-equal": {
              "version": "1.0.1",
              "resolved": "https://registry.npmjs.org/deep-equal/-/deep-equal-1.0.1.tgz"
            },
            "query-string": {
              "version": "3.0.0",
              "resolved": "https://registry.npmjs.org/query-string/-/query-string-3.0.0.tgz",
              "dependencies": {
                "strict-uri-encode": {
                  "version": "1.1.0",
                  "resolved": "https://registry.npmjs.org/strict-uri-encode/-/strict-uri-encode-1.1.0.tgz"
                }
              }
            }
          }
        },
        "invariant": {
          "version": "2.2.0",
          "resolved": "https://registry.npmjs.org/invariant/-/invariant-2.2.0.tgz",
          "dependencies": {
            "loose-envify": {
              "version": "1.1.0",
              "resolved": "https://registry.npmjs.org/loose-envify/-/loose-envify-1.1.0.tgz",
              "dependencies": {
                "js-tokens": {
                  "version": "1.0.2",
                  "resolved": "https://registry.npmjs.org/js-tokens/-/js-tokens-1.0.2.tgz"
                }
              }
            }
          }
        },
        "warning": {
          "version": "2.1.0",
          "resolved": "https://registry.npmjs.org/warning/-/warning-2.1.0.tgz",
          "dependencies": {
            "loose-envify": {
              "version": "1.1.0",
              "resolved": "https://registry.npmjs.org/loose-envify/-/loose-envify-1.1.0.tgz",
              "dependencies": {
                "js-tokens": {
                  "version": "1.0.2",
                  "resolved": "https://registry.npmjs.org/js-tokens/-/js-tokens-1.0.2.tgz"
                }
              }
            }
          }
        }
      }
    },
    "reactjs-components": {
      "version": "0.14.0",
      "resolved": "https://registry.npmjs.org/reactjs-components/-/reactjs-components-0.14.0.tgz"
    },
    "reactjs-mixin": {
      "version": "0.0.2",
      "resolved": "https://registry.npmjs.org/reactjs-mixin/-/reactjs-mixin-0.0.2.tgz"
    },
    "statics": {
      "version": "0.1.0",
      "resolved": "https://registry.npmjs.org/statics/-/statics-0.1.0.tgz",
      "dependencies": {
        "fs-extra": {
          "version": "0.8.1",
          "resolved": "https://registry.npmjs.org/fs-extra/-/fs-extra-0.8.1.tgz",
          "dependencies": {
            "jsonfile": {
              "version": "1.1.1",
              "resolved": "https://registry.npmjs.org/jsonfile/-/jsonfile-1.1.1.tgz"
            },
            "mkdirp": {
              "version": "0.3.5",
              "resolved": "https://registry.npmjs.org/mkdirp/-/mkdirp-0.3.5.tgz"
            },
            "ncp": {
              "version": "0.4.2",
              "resolved": "https://registry.npmjs.org/ncp/-/ncp-0.4.2.tgz"
            },
            "rimraf": {
              "version": "2.2.8",
              "resolved": "https://registry.npmjs.org/rimraf/-/rimraf-2.2.8.tgz"
            }
          }
        },
        "glob": {
          "version": "3.2.11",
          "resolved": "https://registry.npmjs.org/glob/-/glob-3.2.11.tgz",
          "dependencies": {
            "inherits": {
              "version": "2.0.1",
              "resolved": "https://registry.npmjs.org/inherits/-/inherits-2.0.1.tgz"
            },
            "minimatch": {
              "version": "0.3.0",
              "resolved": "https://registry.npmjs.org/minimatch/-/minimatch-0.3.0.tgz",
              "dependencies": {
                "lru-cache": {
                  "version": "2.7.3",
                  "resolved": "https://registry.npmjs.org/lru-cache/-/lru-cache-2.7.3.tgz"
                },
                "sigmund": {
                  "version": "1.0.1",
                  "resolved": "https://registry.npmjs.org/sigmund/-/sigmund-1.0.1.tgz"
                }
              }
            }
          }
        },
        "module-deps": {
          "version": "1.1.0",
          "resolved": "https://registry.npmjs.org/module-deps/-/module-deps-1.1.0.tgz",
          "dependencies": {
            "JSONStream": {
              "version": "0.6.4",
              "resolved": "https://registry.npmjs.org/JSONStream/-/JSONStream-0.6.4.tgz",
              "dependencies": {
                "jsonparse": {
                  "version": "0.0.5",
                  "resolved": "https://registry.npmjs.org/jsonparse/-/jsonparse-0.0.5.tgz"
                },
                "through": {
                  "version": "2.2.7",
                  "resolved": "https://registry.npmjs.org/through/-/through-2.2.7.tgz"
                }
              }
            },
            "browser-resolve": {
              "version": "1.2.4",
              "resolved": "https://registry.npmjs.org/browser-resolve/-/browser-resolve-1.2.4.tgz"
            },
            "concat-stream": {
              "version": "1.0.1",
              "resolved": "https://registry.npmjs.org/concat-stream/-/concat-stream-1.0.1.tgz",
              "dependencies": {
                "bops": {
                  "version": "0.0.6",
                  "resolved": "https://registry.npmjs.org/bops/-/bops-0.0.6.tgz",
                  "dependencies": {
                    "base64-js": {
                      "version": "0.0.2",
                      "resolved": "https://registry.npmjs.org/base64-js/-/base64-js-0.0.2.tgz"
                    },
                    "to-utf8": {
                      "version": "0.0.1",
                      "resolved": "https://registry.npmjs.org/to-utf8/-/to-utf8-0.0.1.tgz"
                    }
                  }
                }
              }
            },
            "detective": {
              "version": "2.1.2",
              "resolved": "https://registry.npmjs.org/detective/-/detective-2.1.2.tgz",
              "dependencies": {
                "escodegen": {
                  "version": "0.0.15",
                  "resolved": "https://registry.npmjs.org/escodegen/-/escodegen-0.0.15.tgz",
                  "dependencies": {
                    "source-map": {
                      "version": "0.5.3",
                      "resolved": "https://registry.npmjs.org/source-map/-/source-map-0.5.3.tgz"
                    }
                  }
                },
                "esprima": {
                  "version": "1.0.2",
                  "resolved": "https://registry.npmjs.org/esprima/-/esprima-1.0.2.tgz"
                }
              }
            },
            "minimist": {
              "version": "0.0.10",
              "resolved": "https://registry.npmjs.org/minimist/-/minimist-0.0.10.tgz"
            }
          }
        },
        "optimist": {
          "version": "0.6.1",
          "resolved": "https://registry.npmjs.org/optimist/-/optimist-0.6.1.tgz",
          "dependencies": {
            "minimist": {
              "version": "0.0.10",
              "resolved": "https://registry.npmjs.org/minimist/-/minimist-0.0.10.tgz"
            },
            "wordwrap": {
              "version": "0.0.3",
              "resolved": "https://registry.npmjs.org/wordwrap/-/wordwrap-0.0.3.tgz"
            }
          }
        },
        "resolve": {
          "version": "0.6.3",
          "resolved": "https://registry.npmjs.org/resolve/-/resolve-0.6.3.tgz"
        },
        "through": {
          "version": "2.3.8",
          "resolved": "https://registry.npmjs.org/through/-/through-2.3.8.tgz"
        }
      }
    },
    "zxcvbn": {
      "version": "4.2.0",
      "resolved": "https://registry.npmjs.org/zxcvbn/-/zxcvbn-4.2.0.tgz"
    }
  }
}
